
Microsoft Visual Studio Solution File, Format Version 12.00
# Visual Studio Version 17
VisualStudioVersion = 17.11.35303.130
MinimumVisualStudioVersion = 10.0.40219.1
Project("{FAE04EC0-301F-11D3-BF4B-00C04F79EFBC}") = "QuadraticEquationSolver", "QuadraticEquationSolver\QuadraticEquationSolver.csproj", "{222FEA47-900E-4738-B625-1FA73C0FD6FF}"
EndProject
Global
	GlobalSection(SolutionConfigurationPlatforms) = preSolution
		Debug|Any CPU = Debug|Any CPU
		Release|Any CPU = Release|Any CPU
	EndGlobalSection
	GlobalSection(ProjectConfigurationPlatforms) = postSolution
		{222FEA47-900E-4738-B625-1FA73C0FD6FF}.Debug|Any CPU.ActiveCfg = Debug|Any CPU
		{222FEA47-900E-4738-B625-1FA73C0FD6FF}.Debug|Any CPU.Build.0 = Debug|Any CPU
		{222FEA47-900E-4738-B625-1FA73C0FD6FF}.Release|Any CPU.ActiveCfg = Release|Any CPU
		{222FEA47-900E-4738-B625-1FA73C0FD6FF}.Release|Any CPU.Build.0 = Release|Any CPU
	EndGlobalSection
	GlobalSection(SolutionProperties) = preSolution
		HideSolutionNode = FALSE
	EndGlobalSection
	GlobalSection(ExtensibilityGlobals) = postSolution
		SolutionGuid = {2797E925-D7B0-4D6D-9747-396F95F5388C}
	EndGlobalSection
EndGlobal
